
Microsoft Visual Studio Solution File, Format Version 12.00
# Visual Studio Version 17
VisualStudioVersion = 17.1.32228.430
MinimumVisualStudioVersion = 10.0.40219.1
Project("{9A19103F-16F7-4668-BE54-9A1E7A4F7556}") = "lesson_5_1", "lesson_5_1\lesson_5_1.csproj", "{30E515A1-6A9E-428C-B1AE-110DC46C01F3}"
EndProject
Project("{9A19103F-16F7-4668-BE54-9A1E7A4F7556}") = "lesson_5_3", "lesson_5_3\lesson_5_3.csproj", "{2DBBF01C-F291-4BEA-B991-742C22C41F4C}"
EndProject
Project("{9A19103F-16F7-4668-BE54-9A1E7A4F7556}") = "lesson_5_4_1", "lesson_5_4\lesson_5_4_1.csproj", "{6E94FC53-6D51-497E-8313-59CEF5AD053D}"
EndProject
Project("{FAE04EC0-301F-11D3-BF4B-00C04F79EFBC}") = "lesson_5_4_2", "lesson_5_4_2\lesson_5_4_2.csproj", "{CF6B4E20-49E8-4095-B897-6B58CE22C0DA}"
EndProject
Global
	GlobalSection(SolutionConfigurationPlatforms) = preSolution
		Debug|Any CPU = Debug|Any CPU
		Release|Any CPU = Release|Any CPU
	EndGlobalSection
	GlobalSection(ProjectConfigurationPlatforms) = postSolution
		{30E515A1-6A9E-428C-B1AE-110DC46C01F3}.Debug|Any CPU.ActiveCfg = Debug|Any CPU
		{30E515A1-6A9E-428C-B1AE-110DC46C01F3}.Debug|Any CPU.Build.0 = Debug|Any CPU
		{30E515A1-6A9E-428C-B1AE-110DC46C01F3}.Release|Any CPU.ActiveCfg = Release|Any CPU
		{30E515A1-6A9E-428C-B1AE-110DC46C01F3}.Release|Any CPU.Build.0 = Release|Any CPU
		{2DBBF01C-F291-4BEA-B991-742C22C41F4C}.Debug|Any CPU.ActiveCfg = Debug|Any CPU
		{2DBBF01C-F291-4BEA-B991-742C22C41F4C}.Debug|Any CPU.Build.0 = Debug|Any CPU
		{2DBBF01C-F291-4BEA-B991-742C22C41F4C}.Release|Any CPU.ActiveCfg = Release|Any CPU
		{2DBBF01C-F291-4BEA-B991-742C22C41F4C}.Release|Any CPU.Build.0 = Release|Any CPU
		{6E94FC53-6D51-497E-8313-59CEF5AD053D}.Debug|Any CPU.ActiveCfg = Debug|Any CPU
		{6E94FC53-6D51-497E-8313-59CEF5AD053D}.Debug|Any CPU.Build.0 = Debug|Any CPU
		{6E94FC53-6D51-497E-8313-59CEF5AD053D}.Release|Any CPU.ActiveCfg = Release|Any CPU
		{6E94FC53-6D51-497E-8313-59CEF5AD053D}.Release|Any CPU.Build.0 = Release|Any CPU
		{CF6B4E20-49E8-4095-B897-6B58CE22C0DA}.Debug|Any CPU.ActiveCfg = Debug|Any CPU
		{CF6B4E20-49E8-4095-B897-6B58CE22C0DA}.Debug|Any CPU.Build.0 = Debug|Any CPU
		{CF6B4E20-49E8-4095-B897-6B58CE22C0DA}.Release|Any CPU.ActiveCfg = Release|Any CPU
		{CF6B4E20-49E8-4095-B897-6B58CE22C0DA}.Release|Any CPU.Build.0 = Release|Any CPU
	EndGlobalSection
	GlobalSection(SolutionProperties) = preSolution
		HideSolutionNode = FALSE
	EndGlobalSection
	GlobalSection(ExtensibilityGlobals) = postSolution
		SolutionGuid = {29241843-34EA-4FBD-B2F7-96E070ACEFBF}
	EndGlobalSection
EndGlobal
