
Microsoft Visual Studio Solution File, Format Version 12.00
# Visual Studio Version 17
VisualStudioVersion = 17.1.32228.430
MinimumVisualStudioVersion = 10.0.40219.1
Project("{9A19103F-16F7-4668-BE54-9A1E7A4F7556}") = "lesson_4_1", "lesson_4_1\lesson_4_1.csproj", "{19B172BC-8B3D-498A-A72C-E599E94DDFBB}"
EndProject
Project("{9A19103F-16F7-4668-BE54-9A1E7A4F7556}") = "lesson_4_2", "lesson_4_2\lesson_4_2.csproj", "{17E09D9E-37B7-4EDA-A590-8535BAA675DE}"
EndProject
Project("{9A19103F-16F7-4668-BE54-9A1E7A4F7556}") = "lesson_4_3", "lesson_4_3\lesson_4_3.csproj", "{3BBD3879-8A35-48AD-8403-097E8DDFAB13}"
EndProject
Project("{9A19103F-16F7-4668-BE54-9A1E7A4F7556}") = "lesson_4_4", "lesson_4_4\lesson_4_4.csproj", "{05D630AF-D179-400F-AC58-80A97B42311E}"
EndProject
Global
	GlobalSection(SolutionConfigurationPlatforms) = preSolution
		Debug|Any CPU = Debug|Any CPU
		Release|Any CPU = Release|Any CPU
	EndGlobalSection
	GlobalSection(ProjectConfigurationPlatforms) = postSolution
		{19B172BC-8B3D-498A-A72C-E599E94DDFBB}.Debug|Any CPU.ActiveCfg = Debug|Any CPU
		{19B172BC-8B3D-498A-A72C-E599E94DDFBB}.Debug|Any CPU.Build.0 = Debug|Any CPU
		{19B172BC-8B3D-498A-A72C-E599E94DDFBB}.Release|Any CPU.ActiveCfg = Release|Any CPU
		{19B172BC-8B3D-498A-A72C-E599E94DDFBB}.Release|Any CPU.Build.0 = Release|Any CPU
		{17E09D9E-37B7-4EDA-A590-8535BAA675DE}.Debug|Any CPU.ActiveCfg = Debug|Any CPU
		{17E09D9E-37B7-4EDA-A590-8535BAA675DE}.Debug|Any CPU.Build.0 = Debug|Any CPU
		{17E09D9E-37B7-4EDA-A590-8535BAA675DE}.Release|Any CPU.ActiveCfg = Release|Any CPU
		{17E09D9E-37B7-4EDA-A590-8535BAA675DE}.Release|Any CPU.Build.0 = Release|Any CPU
		{3BBD3879-8A35-48AD-8403-097E8DDFAB13}.Debug|Any CPU.ActiveCfg = Debug|Any CPU
		{3BBD3879-8A35-48AD-8403-097E8DDFAB13}.Debug|Any CPU.Build.0 = Debug|Any CPU
		{3BBD3879-8A35-48AD-8403-097E8DDFAB13}.Release|Any CPU.ActiveCfg = Release|Any CPU
		{3BBD3879-8A35-48AD-8403-097E8DDFAB13}.Release|Any CPU.Build.0 = Release|Any CPU
		{05D630AF-D179-400F-AC58-80A97B42311E}.Debug|Any CPU.ActiveCfg = Debug|Any CPU
		{05D630AF-D179-400F-AC58-80A97B42311E}.Debug|Any CPU.Build.0 = Debug|Any CPU
		{05D630AF-D179-400F-AC58-80A97B42311E}.Release|Any CPU.ActiveCfg = Release|Any CPU
		{05D630AF-D179-400F-AC58-80A97B42311E}.Release|Any CPU.Build.0 = Release|Any CPU
	EndGlobalSection
	GlobalSection(SolutionProperties) = preSolution
		HideSolutionNode = FALSE
	EndGlobalSection
	GlobalSection(ExtensibilityGlobals) = postSolution
		SolutionGuid = {29241843-34EA-4FBD-B2F7-96E070ACEFBF}
	EndGlobalSection
EndGlobal
