
Microsoft Visual Studio Solution File, Format Version 12.00
# Visual Studio Version 17
VisualStudioVersion = 17.1.32228.430
MinimumVisualStudioVersion = 10.0.40219.1
Project("{FAE04EC0-301F-11D3-BF4B-00C04F79EFBC}") = "lesson_1", "lesson_1\lesson_1.csproj", "{0F1742CD-1FAC-4077-8F6E-D19B66C98322}"
EndProject
Project("{FAE04EC0-301F-11D3-BF4B-00C04F79EFBC}") = "lesson_2", "lesson_2\lesson_2.csproj", "{B61D17D8-5E76-4D6F-AF62-D20C8FC26040}"
EndProject
Global
	GlobalSection(SolutionConfigurationPlatforms) = preSolution
		Debug|Any CPU = Debug|Any CPU
		Release|Any CPU = Release|Any CPU
	EndGlobalSection
	GlobalSection(ProjectConfigurationPlatforms) = postSolution
		{0F1742CD-1FAC-4077-8F6E-D19B66C98322}.Debug|Any CPU.ActiveCfg = Debug|Any CPU
		{0F1742CD-1FAC-4077-8F6E-D19B66C98322}.Debug|Any CPU.Build.0 = Debug|Any CPU
		{0F1742CD-1FAC-4077-8F6E-D19B66C98322}.Release|Any CPU.ActiveCfg = Release|Any CPU
		{0F1742CD-1FAC-4077-8F6E-D19B66C98322}.Release|Any CPU.Build.0 = Release|Any CPU
		{B61D17D8-5E76-4D6F-AF62-D20C8FC26040}.Debug|Any CPU.ActiveCfg = Debug|Any CPU
		{B61D17D8-5E76-4D6F-AF62-D20C8FC26040}.Debug|Any CPU.Build.0 = Debug|Any CPU
		{B61D17D8-5E76-4D6F-AF62-D20C8FC26040}.Release|Any CPU.ActiveCfg = Release|Any CPU
		{B61D17D8-5E76-4D6F-AF62-D20C8FC26040}.Release|Any CPU.Build.0 = Release|Any CPU
	EndGlobalSection
	GlobalSection(SolutionProperties) = preSolution
		HideSolutionNode = FALSE
	EndGlobalSection
	GlobalSection(ExtensibilityGlobals) = postSolution
		SolutionGuid = {29241843-34EA-4FBD-B2F7-96E070ACEFBF}
	EndGlobalSection
EndGlobal
